
Microsoft Visual Studio Solution File, Format Version 12.00
# Visual Studio Version 16
VisualStudioVersion = 16.0.31424.327
MinimumVisualStudioVersion = 10.0.40219.1
Project("{9A19103F-16F7-4668-BE54-9A1E7A4F7556}") = "DMS", "DMS\DMS.csproj", "{443A796C-CF94-409E-A593-A9C5BBB90D2F}"
EndProject
Project("{9A19103F-16F7-4668-BE54-9A1E7A4F7556}") = "DMS.Data", "DMS.Data\DMS.Data.csproj", "{F2E2A4CE-B675-4608-947B-F645DA289635}"
EndProject
Project("{9A19103F-16F7-4668-BE54-9A1E7A4F7556}") = "DMS.Models", "DMS.Models\DMS.Models.csproj", "{2B7348C8-B904-40C0-9282-AE7147EB5635}"
EndProject
Project("{9A19103F-16F7-4668-BE54-9A1E7A4F7556}") = "DMS.Utils", "DMS.Utils\DMS.Utils.csproj", "{750E566E-E82F-4299-915B-056CA3CE27AF}"
EndProject
Project("{9A19103F-16F7-4668-BE54-9A1E7A4F7556}") = "DMS.TeacherPortal", "DMS.TeacherPortal\DMS.TeacherPortal.csproj", "{82CEBAEA-83E4-4B83-A753-A346D7F51CED}"
EndProject
Global
	GlobalSection(SolutionConfigurationPlatforms) = preSolution
		Debug|Any CPU = Debug|Any CPU
		Release|Any CPU = Release|Any CPU
	EndGlobalSection
	GlobalSection(ProjectConfigurationPlatforms) = postSolution
		{443A796C-CF94-409E-A593-A9C5BBB90D2F}.Debug|Any CPU.ActiveCfg = Debug|Any CPU
		{443A796C-CF94-409E-A593-A9C5BBB90D2F}.Debug|Any CPU.Build.0 = Debug|Any CPU
		{443A796C-CF94-409E-A593-A9C5BBB90D2F}.Release|Any CPU.ActiveCfg = Release|Any CPU
		{443A796C-CF94-409E-A593-A9C5BBB90D2F}.Release|Any CPU.Build.0 = Release|Any CPU
		{F2E2A4CE-B675-4608-947B-F645DA289635}.Debug|Any CPU.ActiveCfg = Debug|Any CPU
		{F2E2A4CE-B675-4608-947B-F645DA289635}.Debug|Any CPU.Build.0 = Debug|Any CPU
		{F2E2A4CE-B675-4608-947B-F645DA289635}.Release|Any CPU.ActiveCfg = Release|Any CPU
		{F2E2A4CE-B675-4608-947B-F645DA289635}.Release|Any CPU.Build.0 = Release|Any CPU
		{2B7348C8-B904-40C0-9282-AE7147EB5635}.Debug|Any CPU.ActiveCfg = Debug|Any CPU
		{2B7348C8-B904-40C0-9282-AE7147EB5635}.Debug|Any CPU.Build.0 = Debug|Any CPU
		{2B7348C8-B904-40C0-9282-AE7147EB5635}.Release|Any CPU.ActiveCfg = Release|Any CPU
		{2B7348C8-B904-40C0-9282-AE7147EB5635}.Release|Any CPU.Build.0 = Release|Any CPU
		{750E566E-E82F-4299-915B-056CA3CE27AF}.Debug|Any CPU.ActiveCfg = Debug|Any CPU
		{750E566E-E82F-4299-915B-056CA3CE27AF}.Debug|Any CPU.Build.0 = Debug|Any CPU
		{750E566E-E82F-4299-915B-056CA3CE27AF}.Release|Any CPU.ActiveCfg = Release|Any CPU
		{750E566E-E82F-4299-915B-056CA3CE27AF}.Release|Any CPU.Build.0 = Release|Any CPU
		{82CEBAEA-83E4-4B83-A753-A346D7F51CED}.Debug|Any CPU.ActiveCfg = Debug|Any CPU
		{82CEBAEA-83E4-4B83-A753-A346D7F51CED}.Debug|Any CPU.Build.0 = Debug|Any CPU
		{82CEBAEA-83E4-4B83-A753-A346D7F51CED}.Release|Any CPU.ActiveCfg = Release|Any CPU
		{82CEBAEA-83E4-4B83-A753-A346D7F51CED}.Release|Any CPU.Build.0 = Release|Any CPU
	EndGlobalSection
	GlobalSection(SolutionProperties) = preSolution
		HideSolutionNode = FALSE
	EndGlobalSection
	GlobalSection(ExtensibilityGlobals) = postSolution
		SolutionGuid = {F2804D40-C0FC-4963-93D3-C9F4D37E9CD3}
	EndGlobalSection
EndGlobal
